
Microsoft Visual Studio Solution File, Format Version 12.00
# Visual Studio Version 16
VisualStudioVersion = 16.0.31112.23
MinimumVisualStudioVersion = 10.0.40219.1
Project("{FAE04EC0-301F-11D3-BF4B-00C04F79EFBC}") = "DNSExfiltration", "DNSExfiltration\DNSExfiltration.csproj", "{01676931-F114-4E0C-B666-594082030A0D}"
EndProject
Global
	GlobalSection(SolutionConfigurationPlatforms) = preSolution
		Debug|Any CPU = Debug|Any CPU
		Release|Any CPU = Release|Any CPU
	EndGlobalSection
	GlobalSection(ProjectConfigurationPlatforms) = postSolution
		{01676931-F114-4E0C-B666-594082030A0D}.Debug|Any CPU.ActiveCfg = Debug|Any CPU
		{01676931-F114-4E0C-B666-594082030A0D}.Debug|Any CPU.Build.0 = Debug|Any CPU
		{01676931-F114-4E0C-B666-594082030A0D}.Release|Any CPU.ActiveCfg = Release|Any CPU
		{01676931-F114-4E0C-B666-594082030A0D}.Release|Any CPU.Build.0 = Release|Any CPU
	EndGlobalSection
	GlobalSection(SolutionProperties) = preSolution
		HideSolutionNode = FALSE
	EndGlobalSection
	GlobalSection(ExtensibilityGlobals) = postSolution
		SolutionGuid = {E16B621C-D42C-48F3-9A79-AC089618C68B}
	EndGlobalSection
EndGlobal
